
Microsoft Visual Studio Solution File, Format Version 11.00
# Visual Studio 2010
Project("{FAE04EC0-301F-11D3-BF4B-00C04F79EFBC}") = "SUGAR RUSH Project", "Assembly-CSharp.csproj", "{7538E94B-B211-8F11-3538-437A94D10058}"
EndProject
Global
	GlobalSection(SolutionConfigurationPlatforms) = preSolution
		Debug|Any CPU = Debug|Any CPU
		Release|Any CPU = Release|Any CPU
	EndGlobalSection
	GlobalSection(ProjectConfigurationPlatforms) = postSolution
		{7538E94B-B211-8F11-3538-437A94D10058}.Debug|Any CPU.ActiveCfg = Debug|Any CPU
		{7538E94B-B211-8F11-3538-437A94D10058}.Debug|Any CPU.Build.0 = Debug|Any CPU
		{7538E94B-B211-8F11-3538-437A94D10058}.Release|Any CPU.ActiveCfg = Release|Any CPU
		{7538E94B-B211-8F11-3538-437A94D10058}.Release|Any CPU.Build.0 = Release|Any CPU
	EndGlobalSection
	GlobalSection(SolutionProperties) = preSolution
		HideSolutionNode = FALSE
	EndGlobalSection
	GlobalSection(MonoDevelopProperties) = preSolution
		StartupItem = Assembly-CSharp.csproj
	EndGlobalSection
EndGlobal
